// !$*UTF8*$!
{
	archiveVersion = 1;
	classes = {
	};
	objectVersion = 56;
	objects = {

/* Begin PBXBuildFile section */
		012B0EF72BA329C2008EA0C5 /* PlansView.swift in Sources */ = {isa = PBXBuildFile; fileRef = 012B0EF62BA329C2008EA0C5 /* PlansView.swift */; };
		012B0EF92BA329D0008EA0C5 /* ActivityView.swift in Sources */ = {isa = PBXBuildFile; fileRef = 012B0EF82BA329D0008EA0C5 /* ActivityView.swift */; };
		01FD0FB92BA312BF002AAA96 /* MyRunningAppApp.swift in Sources */ = {isa = PBXBuildFile; fileRef = 01FD0FB82BA312BF002AAA96 /* MyRunningAppApp.swift */; };
		01FD0FBB2BA312BF002AAA96 /* ContentView.swift in Sources */ = {isa = PBXBuildFile; fileRef = 01FD0FBA2BA312BF002AAA96 /* ContentView.swift */; };
		01FD0FBD2BA312C1002AAA96 /* Assets.xcassets in Resources */ = {isa = PBXBuildFile; fileRef = 01FD0FBC2BA312C1002AAA96 /* Assets.xcassets */; };
		01FD0FC02BA312C1002AAA96 /* Preview Assets.xcassets in Resources */ = {isa = PBXBuildFile; fileRef = 01FD0FBF2BA312C1002AAA96 /* Preview Assets.xcassets */; };
		01FD0FCA2BA312C1002AAA96 /* MyRunningAppTests.swift in Sources */ = {isa = PBXBuildFile; fileRef = 01FD0FC92BA312C1002AAA96 /* MyRunningAppTests.swift */; };
		01FD0FD42BA312C1002AAA96 /* MyRunningAppUITests.swift in Sources */ = {isa = PBXBuildFile; fileRef = 01FD0FD32BA312C1002AAA96 /* MyRunningAppUITests.swift */; };
		01FD0FD62BA312C1002AAA96 /* MyRunningAppUITestsLaunchTests.swift in Sources */ = {isa = PBXBuildFile; fileRef = 01FD0FD52BA312C1002AAA96 /* MyRunningAppUITestsLaunchTests.swift */; };
		01FD0FE32BA31324002AAA96 /* Readme.md in Resources */ = {isa = PBXBuildFile; fileRef = 01FD0FE22BA31324002AAA96 /* Readme.md */; };
		01FD0FE82BA3140F002AAA96 /* RunView.swift in Sources */ = {isa = PBXBuildFile; fileRef = 01FD0FE72BA3140F002AAA96 /* RunView.swift */; };
		01FD0FEB2BA31BAC002AAA96 /* RootView.swift in Sources */ = {isa = PBXBuildFile; fileRef = 01FD0FEA2BA31BAC002AAA96 /* RootView.swift */; };
/* End PBXBuildFile section */

/* Begin PBXContainerItemProxy section */
		01FD0FC62BA312C1002AAA96 /* PBXContainerItemProxy */ = {
			isa = PBXContainerItemProxy;
			containerPortal = 01FD0FAD2BA312BF002AAA96 /* Project object */;
			proxyType = 1;
			remoteGlobalIDString = 01FD0FB42BA312BF002AAA96;
			remoteInfo = MyRunningApp;
		};
		01FD0FD02BA312C1002AAA96 /* PBXContainerItemProxy */ = {
			isa = PBXContainerItemProxy;
			containerPortal = 01FD0FAD2BA312BF002AAA96 /* Project object */;
			proxyType = 1;
			remoteGlobalIDString = 01FD0FB42BA312BF002AAA96;
			remoteInfo = MyRunningApp;
		};
/* End PBXContainerItemProxy section */

/* Begin PBXFileReference section */
		012B0EF62BA329C2008EA0C5 /* PlansView.swift */ = {isa = PBXFileReference; lastKnownFileType = sourcecode.swift; path = PlansView.swift; sourceTree = "<group>"; };
		012B0EF82BA329D0008EA0C5 /* ActivityView.swift */ = {isa = PBXFileReference; lastKnownFileType = sourcecode.swift; path = ActivityView.swift; sourceTree = "<group>"; };
		01FD0FB52BA312BF002AAA96 /* MyRunningApp.app */ = {isa = PBXFileReference; explicitFileType = wrapper.application; includeInIndex = 0; path = MyRunningApp.app; sourceTree = BUILT_PRODUCTS_DIR; };
		01FD0FB82BA312BF002AAA96 /* MyRunningAppApp.swift */ = {isa = PBXFileReference; lastKnownFileType = sourcecode.swift; path = MyRunningAppApp.swift; sourceTree = "<group>"; };
		01FD0FBA2BA312BF002AAA96 /* ContentView.swift */ = {isa = PBXFileReference; lastKnownFileType = sourcecode.swift; path = ContentView.swift; sourceTree = "<group>"; };
		01FD0FBC2BA312C1002AAA96 /* Assets.xcassets */ = {isa = PBXFileReference; lastKnownFileType = folder.assetcatalog; path = Assets.xcassets; sourceTree = "<group>"; };
		01FD0FBF2BA312C1002AAA96 /* Preview Assets.xcassets */ = {isa = PBXFileReference; lastKnownFileType = folder.assetcatalog; path = "Preview Assets.xcassets"; sourceTree = "<group>"; };
		01FD0FC52BA312C1002AAA96 /* MyRunningAppTests.xctest */ = {isa = PBXFileReference; explicitFileType = wrapper.cfbundle; includeInIndex = 0; path = MyRunningAppTests.xctest; sourceTree = BUILT_PRODUCTS_DIR; };
		01FD0FC92BA312C1002AAA96 /* MyRunningAppTests.swift */ = {isa = PBXFileReference; lastKnownFileType = sourcecode.swift; path = MyRunningAppTests.swift; sourceTree = "<group>"; };
		01FD0FCF2BA312C1002AAA96 /* MyRunningAppUITests.xctest */ = {isa = PBXFileReference; explicitFileType = wrapper.cfbundle; includeInIndex = 0; path = MyRunningAppUITests.xctest; sourceTree = BUILT_PRODUCTS_DIR; };
		01FD0FD32BA312C1002AAA96 /* MyRunningAppUITests.swift */ = {isa = PBXFileReference; lastKnownFileType = sourcecode.swift; path = MyRunningAppUITests.swift; sourceTree = "<group>"; };
		01FD0FD52BA312C1002AAA96 /* MyRunningAppUITestsLaunchTests.swift */ = {isa = PBXFileReference; lastKnownFileType = sourcecode.swift; path = MyRunningAppUITestsLaunchTests.swift; sourceTree = "<group>"; };
		01FD0FE22BA31324002AAA96 /* Readme.md */ = {isa = PBXFileReference; lastKnownFileType = net.daringfireball.markdown; path = Readme.md; sourceTree = "<group>"; };
		01FD0FE72BA3140F002AAA96 /* RunView.swift */ = {isa = PBXFileReference; lastKnownFileType = sourcecode.swift; path = RunView.swift; sourceTree = "<group>"; };
		01FD0FEA2BA31BAC002AAA96 /* RootView.swift */ = {isa = PBXFileReference; lastKnownFileType = sourcecode.swift; path = RootView.swift; sourceTree = "<group>"; };
/* End PBXFileReference section */

/* Begin PBXFrameworksBuildPhase section */
		01FD0FB22BA312BF002AAA96 /* Frameworks */ = {
			isa = PBXFrameworksBuildPhase;
			buildActionMask = 2147483647;
			files = (
			);
			runOnlyForDeploymentPostprocessing = 0;
		};
		01FD0FC22BA312C1002AAA96 /* Frameworks */ = {
			isa = PBXFrameworksBuildPhase;
			buildActionMask = 2147483647;
			files = (
			);
			runOnlyForDeploymentPostprocessing = 0;
		};
		01FD0FCC2BA312C1002AAA96 /* Frameworks */ = {
			isa = PBXFrameworksBuildPhase;
			buildActionMask = 2147483647;
			files = (
			);
			runOnlyForDeploymentPostprocessing = 0;
		};
/* End PBXFrameworksBuildPhase section */

/* Begin PBXGroup section */
		01FD0FAC2BA312BF002AAA96 = {
			isa = PBXGroup;
			children = (
				01FD0FE22BA31324002AAA96 /* Readme.md */,
				01FD0FB72BA312BF002AAA96 /* MyRunningApp */,
				01FD0FC82BA312C1002AAA96 /* MyRunningAppTests */,
				01FD0FD22BA312C1002AAA96 /* MyRunningAppUITests */,
				01FD0FB62BA312BF002AAA96 /* Products */,
			);
			sourceTree = "<group>";
		};
		01FD0FB62BA312BF002AAA96 /* Products */ = {
			isa = PBXGroup;
			children = (
				01FD0FB52BA312BF002AAA96 /* MyRunningApp.app */,
				01FD0FC52BA312C1002AAA96 /* MyRunningAppTests.xctest */,
				01FD0FCF2BA312C1002AAA96 /* MyRunningAppUITests.xctest */,
			);
			name = Products;
			sourceTree = "<group>";
		};
		01FD0FB72BA312BF002AAA96 /* MyRunningApp */ = {
			isa = PBXGroup;
			children = (
				01FD0FE92BA31B9E002AAA96 /* Root */,
				01FD0FE62BA313C1002AAA96 /* Activity */,
				01FD0FE52BA313BB002AAA96 /* Plans */,
				01FD0FE42BA313A7002AAA96 /* Run */,
				01FD0FB82BA312BF002AAA96 /* MyRunningAppApp.swift */,
				01FD0FBA2BA312BF002AAA96 /* ContentView.swift */,
				01FD0FBC2BA312C1002AAA96 /* Assets.xcassets */,
				01FD0FBE2BA312C1002AAA96 /* Preview Content */,
			);
			path = MyRunningApp;
			sourceTree = "<group>";
		};
		01FD0FBE2BA312C1002AAA96 /* Preview Content */ = {
			isa = PBXGroup;
			children = (
				01FD0FBF2BA312C1002AAA96 /* Preview Assets.xcassets */,
			);
			path = "Preview Content";
			sourceTree = "<group>";
		};
		01FD0FC82BA312C1002AAA96 /* MyRunningAppTests */ = {
			isa = PBXGroup;
			children = (
				01FD0FC92BA312C1002AAA96 /* MyRunningAppTests.swift */,
			);
			path = MyRunningAppTests;
			sourceTree = "<group>";
		};
		01FD0FD22BA312C1002AAA96 /* MyRunningAppUITests */ = {
			isa = PBXGroup;
			children = (
				01FD0FD32BA312C1002AAA96 /* MyRunningAppUITests.swift */,
				01FD0FD52BA312C1002AAA96 /* MyRunningAppUITestsLaunchTests.swift */,
			);
			path = MyRunningAppUITests;
			sourceTree = "<group>";
		};
		01FD0FE42BA313A7002AAA96 /* Run */ = {
			isa = PBXGroup;
			children = (
				01FD0FE72BA3140F002AAA96 /* RunView.swift */,
			);
			path = Run;
			sourceTree = "<group>";
		};
		01FD0FE52BA313BB002AAA96 /* Plans */ = {
			isa = PBXGroup;
			children = (
				012B0EF62BA329C2008EA0C5 /* PlansView.swift */,
			);
			path = Plans;
			sourceTree = "<group>";
		};
		01FD0FE62BA313C1002AAA96 /* Activity */ = {
			isa = PBXGroup;
			children = (
				012B0EF82BA329D0008EA0C5 /* ActivityView.swift */,
			);
			path = Activity;
			sourceTree = "<group>";
		};
		01FD0FE92BA31B9E002AAA96 /* Root */ = {
			isa = PBXGroup;
			children = (
				01FD0FEA2BA31BAC002AAA96 /* RootView.swift */,
			);
			path = Root;
			sourceTree = "<group>";
		};
/* End PBXGroup section */

/* Begin PBXNativeTarget section */
		01FD0FB42BA312BF002AAA96 /* MyRunningApp */ = {
			isa = PBXNativeTarget;
			buildConfigurationList = 01FD0FD92BA312C1002AAA96 /* Build configuration list for PBXNativeTarget "MyRunningApp" */;
			buildPhases = (
				01FD0FB12BA312BF002AAA96 /* Sources */,
				01FD0FB22BA312BF002AAA96 /* Frameworks */,
				01FD0FB32BA312BF002AAA96 /* Resources */,
			);
			buildRules = (
			);
			dependencies = (
			);
			name = MyRunningApp;
			productName = MyRunningApp;
			productReference = 01FD0FB52BA312BF002AAA96 /* MyRunningApp.app */;
			productType = "com.apple.product-type.application";
		};
		01FD0FC42BA312C1002AAA96 /* MyRunningAppTests */ = {
			isa = PBXNativeTarget;
			buildConfigurationList = 01FD0FDC2BA312C1002AAA96 /* Build configuration list for PBXNativeTarget "MyRunningAppTests" */;
			buildPhases = (
				01FD0FC12BA312C1002AAA96 /* Sources */,
				01FD0FC22BA312C1002AAA96 /* Frameworks */,
				01FD0FC32BA312C1002AAA96 /* Resources */,
			);
			buildRules = (
			);
			dependencies = (
				01FD0FC72BA312C1002AAA96 /* PBXTargetDependency */,
			);
			name = MyRunningAppTests;
			productName = MyRunningAppTests;
			productReference = 01FD0FC52BA312C1002AAA96 /* MyRunningAppTests.xctest */;
			productType = "com.apple.product-type.bundle.unit-test";
		};
		01FD0FCE2BA312C1002AAA96 /* MyRunningAppUITests */ = {
			isa = PBXNativeTarget;
			buildConfigurationList = 01FD0FDF2BA312C1002AAA96 /* Build configuration list for PBXNativeTarget "MyRunningAppUITests" */;
			buildPhases = (
				01FD0FCB2BA312C1002AAA96 /* Sources */,
				01FD0FCC2BA312C1002AAA96 /* Frameworks */,
				01FD0FCD2BA312C1002AAA96 /* Resources */,
			);
			buildRules = (
			);
			dependencies = (
				01FD0FD12BA312C1002AAA96 /* PBXTargetDependency */,
			);
			name = MyRunningAppUITests;
			productName = MyRunningAppUITests;
			productReference = 01FD0FCF2BA312C1002AAA96 /* MyRunningAppUITests.xctest */;
			productType = "com.apple.product-type.bundle.ui-testing";
		};
/* End PBXNativeTarget section */

/* Begin PBXProject section */
		01FD0FAD2BA312BF002AAA96 /* Project object */ = {
			isa = PBXProject;
			attributes = {
				BuildIndependentTargetsInParallel = 1;
				LastSwiftUpdateCheck = 1530;
				LastUpgradeCheck = 1530;
				TargetAttributes = {
					01FD0FB42BA312BF002AAA96 = {
						CreatedOnToolsVersion = 15.3;
					};
					01FD0FC42BA312C1002AAA96 = {
						CreatedOnToolsVersion = 15.3;
						TestTargetID = 01FD0FB42BA312BF002AAA96;
					};
					01FD0FCE2BA312C1002AAA96 = {
						CreatedOnToolsVersion = 15.3;
						TestTargetID = 01FD0FB42BA312BF002AAA96;
					};
				};
			};
			buildConfigurationList = 01FD0FB02BA312BF002AAA96 /* Build configuration list for PBXProject "MyRunningApp" */;
			compatibilityVersion = "Xcode 14.0";
			developmentRegion = en;
			hasScannedForEncodings = 0;
			knownRegions = (
				en,
				Base,
			);
			mainGroup = 01FD0FAC2BA312BF002AAA96;
			productRefGroup = 01FD0FB62BA312BF002AAA96 /* Products */;
			projectDirPath = "";
			projectRoot = "";
			targets = (
				01FD0FB42BA312BF002AAA96 /* MyRunningApp */,
				01FD0FC42BA312C1002AAA96 /* MyRunningAppTests */,
				01FD0FCE2BA312C1002AAA96 /* MyRunningAppUITests */,
			);
		};
/* End PBXProject section */

/* Begin PBXResourcesBuildPhase section */
		01FD0FB32BA312BF002AAA96 /* Resources */ = {
			isa = PBXResourcesBuildPhase;
			buildActionMask = 2147483647;
			files = (
				01FD0FC02BA312C1002AAA96 /* Preview Assets.xcassets in Resources */,
				01FD0FBD2BA312C1002AAA96 /* Assets.xcassets in Resources */,
				01FD0FE32BA31324002AAA96 /* Readme.md in Resources */,
			);
			runOnlyForDeploymentPostprocessing = 0;
		};
		01FD0FC32BA312C1002AAA96 /* Resources */ = {
			isa = PBXResourcesBuildPhase;
			buildActionMask = 2147483647;
			files = (
			);
			runOnlyForDeploymentPostprocessing = 0;
		};
		01FD0FCD2BA312C1002AAA96 /* Resources */ = {
			isa = PBXResourcesBuildPhase;
			buildActionMask = 2147483647;
			files = (
			);
			runOnlyForDeploymentPostprocessing = 0;
		};
/* End PBXResourcesBuildPhase section */

/* Begin PBXSourcesBuildPhase section */
		01FD0FB12BA312BF002AAA96 /* Sources */ = {
			isa = PBXSourcesBuildPhase;
			buildActionMask = 2147483647;
			files = (
				01FD0FEB2BA31BAC002AAA96 /* RootView.swift in Sources */,
				01FD0FBB2BA312BF002AAA96 /* ContentView.swift in Sources */,
				012B0EF72BA329C2008EA0C5 /* PlansView.swift in Sources */,
				01FD0FB92BA312BF002AAA96 /* MyRunningAppApp.swift in Sources */,
				01FD0FE82BA3140F002AAA96 /* RunView.swift in Sources */,
				012B0EF92BA329D0008EA0C5 /* ActivityView.swift in Sources */,
			);
			runOnlyForDeploymentPostprocessing = 0;
		};
		01FD0FC12BA312C1002AAA96 /* Sources */ = {
			isa = PBXSourcesBuildPhase;
			buildActionMask = 2147483647;
			files = (
				01FD0FCA2BA312C1002AAA96 /* MyRunningAppTests.swift in Sources */,
			);
			runOnlyForDeploymentPostprocessing = 0;
		};
		01FD0FCB2BA312C1002AAA96 /* Sources */ = {
			isa = PBXSourcesBuildPhase;
			buildActionMask = 2147483647;
			files = (
				01FD0FD62BA312C1002AAA96 /* MyRunningAppUITestsLaunchTests.swift in Sources */,
				01FD0FD42BA312C1002AAA96 /* MyRunningAppUITests.swift in Sources */,
			);
			runOnlyForDeploymentPostprocessing = 0;
		};
/* End PBXSourcesBuildPhase section */

/* Begin PBXTargetDependency section */
		01FD0FC72BA312C1002AAA96 /* PBXTargetDependency */ = {
			isa = PBXTargetDependency;
			target = 01FD0FB42BA312BF002AAA96 /* MyRunningApp */;
			targetProxy = 01FD0FC62BA312C1002AAA96 /* PBXContainerItemProxy */;
		};
		01FD0FD12BA312C1002AAA96 /* PBXTargetDependency */ = {
			isa = PBXTargetDependency;
			target = 01FD0FB42BA312BF002AAA96 /* MyRunningApp */;
			targetProxy = 01FD0FD02BA312C1002AAA96 /* PBXContainerItemProxy */;
		};
/* End PBXTargetDependency section */

/* Begin XCBuildConfiguration section */
		01FD0FD72BA312C1002AAA96 /* Debug */ = {
			isa = XCBuildConfiguration;
			buildSettings = {
				ALWAYS_SEARCH_USER_PATHS = NO;
				ASSETCATALOG_COMPILER_GENERATE_SWIFT_ASSET_SYMBOL_EXTENSIONS = YES;
				CLANG_ANALYZER_NONNULL = YES;
				CLANG_ANALYZER_NUMBER_OBJECT_CONVERSION = YES_AGGRESSIVE;
				CLANG_CXX_LANGUAGE_STANDARD = "gnu++20";
				CLANG_ENABLE_MODULES = YES;
				CLANG_ENABLE_OBJC_ARC = YES;
				CLANG_ENABLE_OBJC_WEAK = YES;
				CLANG_WARN_BLOCK_CAPTURE_AUTORELEASING = YES;
				CLANG_WARN_BOOL_CONVERSION = YES;
				CLANG_WARN_COMMA = YES;
				CLANG_WARN_CONSTANT_CONVERSION = YES;
				CLANG_WARN_DEPRECATED_OBJC_IMPLEMENTATIONS = YES;
				CLANG_WARN_DIRECT_OBJC_ISA_USAGE = YES_ERROR;
				CLANG_WARN_DOCUMENTATION_COMMENTS = YES;
				CLANG_WARN_EMPTY_BODY = YES;
				CLANG_WARN_ENUM_CONVERSION = YES;
				CLANG_WARN_INFINITE_RECURSION = YES;
				CLANG_WARN_INT_CONVERSION = YES;
				CLANG_WARN_NON_LITERAL_NULL_CONVERSION = YES;
				CLANG_WARN_OBJC_IMPLICIT_RETAIN_SELF = YES;
				CLANG_WARN_OBJC_LITERAL_CONVERSION = YES;
				CLANG_WARN_OBJC_ROOT_CLASS = YES_ERROR;
				CLANG_WARN_QUOTED_INCLUDE_IN_FRAMEWORK_HEADER = YES;
				CLANG_WARN_RANGE_LOOP_ANALYSIS = YES;
				CLANG_WARN_STRICT_PROTOTYPES = YES;
				CLANG_WARN_SUSPICIOUS_MOVE = YES;
				CLANG_WARN_UNGUARDED_AVAILABILITY = YES_AGGRESSIVE;
				CLANG_WARN_UNREACHABLE_CODE = YES;
				CLANG_WARN__DUPLICATE_METHOD_MATCH = YES;
				COPY_PHASE_STRIP = NO;
				DEBUG_INFORMATION_FORMAT = dwarf;
				ENABLE_STRICT_OBJC_MSGSEND = YES;
				ENABLE_TESTABILITY = YES;
				ENABLE_USER_SCRIPT_SANDBOXING = YES;
				GCC_C_LANGUAGE_STANDARD = gnu17;
				GCC_DYNAMIC_NO_PIC = NO;
				GCC_NO_COMMON_BLOCKS = YES;
				GCC_OPTIMIZATION_LEVEL = 0;
				GCC_PREPROCESSOR_DEFINITIONS = (
					"DEBUG=1",
					"$(inherited)",
				);
				GCC_WARN_64_TO_32_BIT_CONVERSION = YES;
				GCC_WARN_ABOUT_RETURN_TYPE = YES_ERROR;
				GCC_WARN_UNDECLARED_SELECTOR = YES;
				GCC_WARN_UNINITIALIZED_AUTOS = YES_AGGRESSIVE;
				GCC_WARN_UNUSED_FUNCTION = YES;
				GCC_WARN_UNUSED_VARIABLE = YES;
				IPHONEOS_DEPLOYMENT_TARGET = 17.4;
				LOCALIZATION_PREFERS_STRING_CATALOGS = YES;
				MTL_ENABLE_DEBUG_INFO = INCLUDE_SOURCE;
				MTL_FAST_MATH = YES;
				ONLY_ACTIVE_ARCH = YES;
				SDKROOT = iphoneos;
				SWIFT_ACTIVE_COMPILATION_CONDITIONS = "DEBUG $(inherited)";
				SWIFT_OPTIMIZATION_LEVEL = "-Onone";
			};
			name = Debug;
		};
		01FD0FD82BA312C1002AAA96 /* Release */ = {
			isa = XCBuildConfiguration;
			buildSettings = {
				ALWAYS_SEARCH_USER_PATHS = NO;
				ASSETCATALOG_COMPILER_GENERATE_SWIFT_ASSET_SYMBOL_EXTENSIONS = YES;
				CLANG_ANALYZER_NONNULL = YES;
				CLANG_ANALYZER_NUMBER_OBJECT_CONVERSION = YES_AGGRESSIVE;
				CLANG_CXX_LANGUAGE_STANDARD = "gnu++20";
				CLANG_ENABLE_MODULES = YES;
				CLANG_ENABLE_OBJC_ARC = YES;
				CLANG_ENABLE_OBJC_WEAK = YES;
				CLANG_WARN_BLOCK_CAPTURE_AUTORELEASING = YES;
				CLANG_WARN_BOOL_CONVERSION = YES;
				CLANG_WARN_COMMA = YES;
				CLANG_WARN_CONSTANT_CONVERSION = YES;
				CLANG_WARN_DEPRECATED_OBJC_IMPLEMENTATIONS = YES;
				CLANG_WARN_DIRECT_OBJC_ISA_USAGE = YES_ERROR;
				CLANG_WARN_DOCUMENTATION_COMMENTS = YES;
				CLANG_WARN_EMPTY_BODY = YES;
				CLANG_WARN_ENUM_CONVERSION = YES;
				CLANG_WARN_INFINITE_RECURSION = YES;
				CLANG_WARN_INT_CONVERSION = YES;
				CLANG_WARN_NON_LITERAL_NULL_CONVERSION = YES;
				CLANG_WARN_OBJC_IMPLICIT_RETAIN_SELF = YES;
				CLANG_WARN_OBJC_LITERAL_CONVERSION = YES;
				CLANG_WARN_OBJC_ROOT_CLASS = YES_ERROR;
				CLANG_WARN_QUOTED_INCLUDE_IN_FRAMEWORK_HEADER = YES;
				CLANG_WARN_RANGE_LOOP_ANALYSIS = YES;
				CLANG_WARN_STRICT_PROTOTYPES = YES;
				CLANG_WARN_SUSPICIOUS_MOVE = YES;
				CLANG_WARN_UNGUARDED_AVAILABILITY = YES_AGGRESSIVE;
				CLANG_WARN_UNREACHABLE_CODE = YES;
				CLANG_WARN__DUPLICATE_METHOD_MATCH = YES;
				COPY_PHASE_STRIP = NO;
				DEBUG_INFORMATION_FORMAT = "dwarf-with-dsym";
				ENABLE_NS_ASSERTIONS = NO;
				ENABLE_STRICT_OBJC_MSGSEND = YES;
				ENABLE_USER_SCRIPT_SANDBOXING = YES;
				GCC_C_LANGUAGE_STANDARD = gnu17;
				GCC_NO_COMMON_BLOCKS = YES;
				GCC_WARN_64_TO_32_BIT_CONVERSION = YES;
				GCC_WARN_ABOUT_RETURN_TYPE = YES_ERROR;
				GCC_WARN_UNDECLARED_SELECTOR = YES;
				GCC_WARN_UNINITIALIZED_AUTOS = YES_AGGRESSIVE;
				GCC_WARN_UNUSED_FUNCTION = YES;
				GCC_WARN_UNUSED_VARIABLE = YES;
				IPHONEOS_DEPLOYMENT_TARGET = 17.4;
				LOCALIZATION_PREFERS_STRING_CATALOGS = YES;
				MTL_ENABLE_DEBUG_INFO = NO;
				MTL_FAST_MATH = YES;
				SDKROOT = iphoneos;
				SWIFT_COMPILATION_MODE = wholemodule;
				VALIDATE_PRODUCT = YES;
			};
			name = Release;
		};
		01FD0FDA2BA312C1002AAA96 /* Debug */ = {
			isa = XCBuildConfiguration;
			buildSettings = {
				ASSETCATALOG_COMPILER_APPICON_NAME = AppIcon;
				ASSETCATALOG_COMPILER_GLOBAL_ACCENT_COLOR_NAME = AccentColor;
				CODE_SIGN_STYLE = Automatic;
				CURRENT_PROJECT_VERSION = 1;
				DEVELOPMENT_ASSET_PATHS = "\"MyRunningApp/Preview Content\"";
				DEVELOPMENT_TEAM = JBD99C5SKP;
				ENABLE_PREVIEWS = YES;
				GENERATE_INFOPLIST_FILE = YES;
				INFOPLIST_KEY_UIApplicationSceneManifest_Generation = YES;
				INFOPLIST_KEY_UIApplicationSupportsIndirectInputEvents = YES;
				INFOPLIST_KEY_UILaunchScreen_Generation = YES;
				INFOPLIST_KEY_UISupportedInterfaceOrientations_iPad = "UIInterfaceOrientationPortrait UIInterfaceOrientationPortraitUpsideDown UIInterfaceOrientationLandscapeLeft UIInterfaceOrientationLandscapeRight";
				INFOPLIST_KEY_UISupportedInterfaceOrientations_iPhone = "UIInterfaceOrientationPortrait UIInterfaceOrientationLandscapeLeft UIInterfaceOrientationLandscapeRight";
				LD_RUNPATH_SEARCH_PATHS = (
					"$(inherited)",
					"@executable_path/Frameworks",
				);
				MARKETING_VERSION = 1.0;
				PRODUCT_BUNDLE_IDENTIFIER = com.nithya.MyRunningApp;
				PRODUCT_NAME = "$(TARGET_NAME)";
				SWIFT_EMIT_LOC_STRINGS = YES;
				SWIFT_VERSION = 5.0;
				TARGETED_DEVICE_FAMILY = "1,2";
			};
			name = Debug;
		};
		01FD0FDB2BA312C1002AAA96 /* Release */ = {
			isa = XCBuildConfiguration;
			buildSettings = {
				ASSETCATALOG_COMPILER_APPICON_NAME = AppIcon;
				ASSETCATALOG_COMPILER_GLOBAL_ACCENT_COLOR_NAME = AccentColor;
				CODE_SIGN_STYLE = Automatic;
				CURRENT_PROJECT_VERSION = 1;
				DEVELOPMENT_ASSET_PATHS = "\"MyRunningApp/Preview Content\"";
				DEVELOPMENT_TEAM = JBD99C5SKP;
				ENABLE_PREVIEWS = YES;
				GENERATE_INFOPLIST_FILE = YES;
				INFOPLIST_KEY_UIApplicationSceneManifest_Generation = YES;
				INFOPLIST_KEY_UIApplicationSupportsIndirectInputEvents = YES;
				INFOPLIST_KEY_UILaunchScreen_Generation = YES;
				INFOPLIST_KEY_UISupportedInterfaceOrientations_iPad = "UIInterfaceOrientationPortrait UIInterfaceOrientationPortraitUpsideDown UIInterfaceOrientationLandscapeLeft UIInterfaceOrientationLandscapeRight";
				INFOPLIST_KEY_UISupportedInterfaceOrientations_iPhone = "UIInterfaceOrientationPortrait UIInterfaceOrientationLandscapeLeft UIInterfaceOrientationLandscapeRight";
				LD_RUNPATH_SEARCH_PATHS = (
					"$(inherited)",
					"@executable_path/Frameworks",
				);
				MARKETING_VERSION = 1.0;
				PRODUCT_BUNDLE_IDENTIFIER = com.nithya.MyRunningApp;
				PRODUCT_NAME = "$(TARGET_NAME)";
				SWIFT_EMIT_LOC_STRINGS = YES;
				SWIFT_VERSION = 5.0;
				TARGETED_DEVICE_FAMILY = "1,2";
			};
			name = Release;
		};
		01FD0FDD2BA312C1002AAA96 /* Debug */ = {
			isa = XCBuildConfiguration;
			buildSettings = {
				ALWAYS_EMBED_SWIFT_STANDARD_LIBRARIES = YES;
				BUNDLE_LOADER = "$(TEST_HOST)";
				CODE_SIGN_STYLE = Automatic;
				CURRENT_PROJECT_VERSION = 1;
				DEVELOPMENT_TEAM = JBD99C5SKP;
				GENERATE_INFOPLIST_FILE = YES;
				IPHONEOS_DEPLOYMENT_TARGET = 17.4;
				MARKETING_VERSION = 1.0;
				PRODUCT_BUNDLE_IDENTIFIER = com.nithya.MyRunningAppTests;
				PRODUCT_NAME = "$(TARGET_NAME)";
				SWIFT_EMIT_LOC_STRINGS = NO;
				SWIFT_VERSION = 5.0;
				TARGETED_DEVICE_FAMILY = "1,2";
				TEST_HOST = "$(BUILT_PRODUCTS_DIR)/MyRunningApp.app/$(BUNDLE_EXECUTABLE_FOLDER_PATH)/MyRunningApp";
			};
			name = Debug;
		};
		01FD0FDE2BA312C1002AAA96 /* Release */ = {
			isa = XCBuildConfiguration;
			buildSettings = {
				ALWAYS_EMBED_SWIFT_STANDARD_LIBRARIES = YES;
				BUNDLE_LOADER = "$(TEST_HOST)";
				CODE_SIGN_STYLE = Automatic;
				CURRENT_PROJECT_VERSION = 1;
				DEVELOPMENT_TEAM = JBD99C5SKP;
				GENERATE_INFOPLIST_FILE = YES;
				IPHONEOS_DEPLOYMENT_TARGET = 17.4;
				MARKETING_VERSION = 1.0;
				PRODUCT_BUNDLE_IDENTIFIER = com.nithya.MyRunningAppTests;
				PRODUCT_NAME = "$(TARGET_NAME)";
				SWIFT_EMIT_LOC_STRINGS = NO;
				SWIFT_VERSION = 5.0;
				TARGETED_DEVICE_FAMILY = "1,2";
				TEST_HOST = "$(BUILT_PRODUCTS_DIR)/MyRunningApp.app/$(BUNDLE_EXECUTABLE_FOLDER_PATH)/MyRunningApp";
			};
			name = Release;
		};
		01FD0FE02BA312C1002AAA96 /* Debug */ = {
			isa = XCBuildConfiguration;
			buildSettings = {
				ALWAYS_EMBED_SWIFT_STANDARD_LIBRARIES = YES;
				CODE_SIGN_STYLE = Automatic;
				CURRENT_PROJECT_VERSION = 1;
				DEVELOPMENT_TEAM = JBD99C5SKP;
				GENERATE_INFOPLIST_FILE = YES;
				MARKETING_VERSION = 1.0;
				PRODUCT_BUNDLE_IDENTIFIER = com.nithya.MyRunningAppUITests;
				PRODUCT_NAME = "$(TARGET_NAME)";
				SWIFT_EMIT_LOC_STRINGS = NO;
				SWIFT_VERSION = 5.0;
				TARGETED_DEVICE_FAMILY = "1,2";
				TEST_TARGET_NAME = MyRunningApp;
			};
			name = Debug;
		};
		01FD0FE12BA312C1002AAA96 /* Release */ = {
			isa = XCBuildConfiguration;
			buildSettings = {
				ALWAYS_EMBED_SWIFT_STANDARD_LIBRARIES = YES;
				CODE_SIGN_STYLE = Automatic;
				CURRENT_PROJECT_VERSION = 1;
				DEVELOPMENT_TEAM = JBD99C5SKP;
				GENERATE_INFOPLIST_FILE = YES;
				MARKETING_VERSION = 1.0;
				PRODUCT_BUNDLE_IDENTIFIER = com.nithya.MyRunningAppUITests;
				PRODUCT_NAME = "$(TARGET_NAME)";
				SWIFT_EMIT_LOC_STRINGS = NO;
				SWIFT_VERSION = 5.0;
				TARGETED_DEVICE_FAMILY = "1,2";
				TEST_TARGET_NAME = MyRunningApp;
			};
			name = Release;
		};
/* End XCBuildConfiguration section */

/* Begin XCConfigurationList section */
		01FD0FB02BA312BF002AAA96 /* Build configuration list for PBXProject "MyRunningApp" */ = {
			isa = XCConfigurationList;
			buildConfigurations = (
				01FD0FD72BA312C1002AAA96 /* Debug */,
				01FD0FD82BA312C1002AAA96 /* Release */,
			);
			defaultConfigurationIsVisible = 0;
			defaultConfigurationName = Release;
		};
		01FD0FD92BA312C1002AAA96 /* Build configuration list for PBXNativeTarget "MyRunningApp" */ = {
			isa = XCConfigurationList;
			buildConfigurations = (
				01FD0FDA2BA312C1002AAA96 /* Debug */,
				01FD0FDB2BA312C1002AAA96 /* Release */,
			);
			defaultConfigurationIsVisible = 0;
			defaultConfigurationName = Release;
		};
		01FD0FDC2BA312C1002AAA96 /* Build configuration list for PBXNativeTarget "MyRunningAppTests" */ = {
			isa = XCConfigurationList;
			buildConfigurations = (
				01FD0FDD2BA312C1002AAA96 /* Debug */,
				01FD0FDE2BA312C1002AAA96 /* Release */,
			);
			defaultConfigurationIsVisible = 0;
			defaultConfigurationName = Release;
		};
		01FD0FDF2BA312C1002AAA96 /* Build configuration list for PBXNativeTarget "MyRunningAppUITests" */ = {
			isa = XCConfigurationList;
			buildConfigurations = (
				01FD0FE02BA312C1002AAA96 /* Debug */,
				01FD0FE12BA312C1002AAA96 /* Release */,
			);
			defaultConfigurationIsVisible = 0;
			defaultConfigurationName = Release;
		};
/* End XCConfigurationList section */
	};
	rootObject = 01FD0FAD2BA312BF002AAA96 /* Project object */;
}
